
Microsoft Visual Studio Solution File, Format Version 12.00
# Visual Studio 15
VisualStudioVersion = 15.0.28307.106
MinimumVisualStudioVersion = 10.0.40219.1
Project("{8BC9CEB8-8B4A-11D0-8D11-00A0C91BC942}") = "第三次大作业III", "第三次大作业III\第三次大作业III.vcxproj", "{20FD9A85-57E5-4E3C-BAF1-144E1E96E5B2}"
EndProject
Global
	GlobalSection(SolutionConfigurationPlatforms) = preSolution
		Debug|x64 = Debug|x64
		Debug|x86 = Debug|x86
		Release|x64 = Release|x64
		Release|x86 = Release|x86
	EndGlobalSection
	GlobalSection(ProjectConfigurationPlatforms) = postSolution
		{20FD9A85-57E5-4E3C-BAF1-144E1E96E5B2}.Debug|x64.ActiveCfg = Debug|x64
		{20FD9A85-57E5-4E3C-BAF1-144E1E96E5B2}.Debug|x64.Build.0 = Debug|x64
		{20FD9A85-57E5-4E3C-BAF1-144E1E96E5B2}.Debug|x86.ActiveCfg = Debug|Win32
		{20FD9A85-57E5-4E3C-BAF1-144E1E96E5B2}.Debug|x86.Build.0 = Debug|Win32
		{20FD9A85-57E5-4E3C-BAF1-144E1E96E5B2}.Release|x64.ActiveCfg = Release|x64
		{20FD9A85-57E5-4E3C-BAF1-144E1E96E5B2}.Release|x64.Build.0 = Release|x64
		{20FD9A85-57E5-4E3C-BAF1-144E1E96E5B2}.Release|x86.ActiveCfg = Release|Win32
		{20FD9A85-57E5-4E3C-BAF1-144E1E96E5B2}.Release|x86.Build.0 = Release|Win32
	EndGlobalSection
	GlobalSection(SolutionProperties) = preSolution
		HideSolutionNode = FALSE
	EndGlobalSection
	GlobalSection(ExtensibilityGlobals) = postSolution
		SolutionGuid = {67E98341-D4CF-474F-9B6A-7A5A2D901520}
	EndGlobalSection
EndGlobal
